// !$*UTF8*$!
{
	archiveVersion = 1;
	classes = {
	};
	objectVersion = 46;
	objects = {

/* Begin PBXBuildFile section */
		420A4CD218217A2A00080821 /* ContactCell.m in Sources */ = {isa = PBXBuildFile; fileRef = 420A4CD118217A2A00080821 /* ContactCell.m */; };
		420A4CD51821811000080821 /* CustomTableViewViewController.m in Sources */ = {isa = PBXBuildFile; fileRef = 420A4CD41821811000080821 /* CustomTableViewViewController.m */; };
		420A4CD7182183BF00080821 /* Potato.jpg in Resources */ = {isa = PBXBuildFile; fileRef = 420A4CD6182183BF00080821 /* Potato.jpg */; };
		420A4CE21821B38C00080821 /* SkillCell.m in Sources */ = {isa = PBXBuildFile; fileRef = 420A4CDF1821B38C00080821 /* SkillCell.m */; };
		420A4CE31821B38C00080821 /* SkillsView.m in Sources */ = {isa = PBXBuildFile; fileRef = 420A4CE11821B38C00080821 /* SkillsView.m */; };
		420A4CE71821D72200080821 /* SkillsEditController.m in Sources */ = {isa = PBXBuildFile; fileRef = 420A4CE61821D72200080821 /* SkillsEditController.m */; };
		4239F88E181719B700D249DF /* BelbinTableViewViewController.m in Sources */ = {isa = PBXBuildFile; fileRef = 4239F88D181719B700D249DF /* BelbinTableViewViewController.m */; };
		42425A221807783D0053F6EB /* QuartzCore.framework in Frameworks */ = {isa = PBXBuildFile; fileRef = 42425A211807783D0053F6EB /* QuartzCore.framework */; };
		429AE69E1806548B00801014 /* Foundation.framework in Frameworks */ = {isa = PBXBuildFile; fileRef = 429AE69D1806548B00801014 /* Foundation.framework */; };
		429AE6A01806548B00801014 /* CoreGraphics.framework in Frameworks */ = {isa = PBXBuildFile; fileRef = 429AE69F1806548B00801014 /* CoreGraphics.framework */; };
		429AE6A21806548B00801014 /* UIKit.framework in Frameworks */ = {isa = PBXBuildFile; fileRef = 429AE6A11806548B00801014 /* UIKit.framework */; };
		429AE6A81806548B00801014 /* InfoPlist.strings in Resources */ = {isa = PBXBuildFile; fileRef = 429AE6A61806548B00801014 /* InfoPlist.strings */; };
		429AE6AA1806548B00801014 /* main.m in Sources */ = {isa = PBXBuildFile; fileRef = 429AE6A91806548B00801014 /* main.m */; };
		429AE6AE1806548B00801014 /* AppDelegate.m in Sources */ = {isa = PBXBuildFile; fileRef = 429AE6AD1806548B00801014 /* AppDelegate.m */; };
		429AE6B01806548B00801014 /* Images.xcassets in Resources */ = {isa = PBXBuildFile; fileRef = 429AE6AF1806548B00801014 /* Images.xcassets */; };
		429AE6B71806548B00801014 /* XCTest.framework in Frameworks */ = {isa = PBXBuildFile; fileRef = 429AE6B61806548B00801014 /* XCTest.framework */; };
		429AE6B81806548B00801014 /* Foundation.framework in Frameworks */ = {isa = PBXBuildFile; fileRef = 429AE69D1806548B00801014 /* Foundation.framework */; };
		429AE6B91806548B00801014 /* UIKit.framework in Frameworks */ = {isa = PBXBuildFile; fileRef = 429AE6A11806548B00801014 /* UIKit.framework */; };
		429AE6C11806548B00801014 /* InfoPlist.strings in Resources */ = {isa = PBXBuildFile; fileRef = 429AE6BF1806548B00801014 /* InfoPlist.strings */; };
		429AE6C31806548B00801014 /* NuggetTests.m in Sources */ = {isa = PBXBuildFile; fileRef = 429AE6C21806548B00801014 /* NuggetTests.m */; };
		429AE77F1807433400801014 /* NuggetStoryBoard.storyboard in Resources */ = {isa = PBXBuildFile; fileRef = 429AE77E1807433400801014 /* NuggetStoryBoard.storyboard */; };
		429AE78418075E6600801014 /* PickerVIew.m in Sources */ = {isa = PBXBuildFile; fileRef = 429AE78118075E6600801014 /* PickerVIew.m */; };
		429AE78518075E6600801014 /* ViewController.m in Sources */ = {isa = PBXBuildFile; fileRef = 429AE78318075E6600801014 /* ViewController.m */; };
/* End PBXBuildFile section */

/* Begin PBXContainerItemProxy section */
		429AE6BA1806548B00801014 /* PBXContainerItemProxy */ = {
			isa = PBXContainerItemProxy;
			containerPortal = 429AE6921806548B00801014 /* Project object */;
			proxyType = 1;
			remoteGlobalIDString = 429AE6991806548B00801014;
			remoteInfo = Nugget;
		};
/* End PBXContainerItemProxy section */

/* Begin PBXFileReference section */
		420A4CD018217A2A00080821 /* ContactCell.h */ = {isa = PBXFileReference; fileEncoding = 4; lastKnownFileType = sourcecode.c.h; path = ContactCell.h; sourceTree = "<group>"; };
		420A4CD118217A2A00080821 /* ContactCell.m */ = {isa = PBXFileReference; fileEncoding = 4; lastKnownFileType = sourcecode.c.objc; path = ContactCell.m; sourceTree = "<group>"; };
		420A4CD31821811000080821 /* CustomTableViewViewController.h */ = {isa = PBXFileReference; fileEncoding = 4; lastKnownFileType = sourcecode.c.h; path = CustomTableViewViewController.h; sourceTree = "<group>"; };
		420A4CD41821811000080821 /* CustomTableViewViewController.m */ = {isa = PBXFileReference; fileEncoding = 4; lastKnownFileType = sourcecode.c.objc; path = CustomTableViewViewController.m; sourceTree = "<group>"; };
		420A4CD6182183BF00080821 /* Potato.jpg */ = {isa = PBXFileReference; lastKnownFileType = image.jpeg; path = Potato.jpg; sourceTree = "<group>"; };
		420A4CDE1821B38C00080821 /* SkillCell.h */ = {isa = PBXFileReference; fileEncoding = 4; lastKnownFileType = sourcecode.c.h; path = SkillCell.h; sourceTree = "<group>"; };
		420A4CDF1821B38C00080821 /* SkillCell.m */ = {isa = PBXFileReference; fileEncoding = 4; lastKnownFileType = sourcecode.c.objc; path = SkillCell.m; sourceTree = "<group>"; };
		420A4CE01821B38C00080821 /* SkillsView.h */ = {isa = PBXFileReference; fileEncoding = 4; lastKnownFileType = sourcecode.c.h; path = SkillsView.h; sourceTree = "<group>"; };
		420A4CE11821B38C00080821 /* SkillsView.m */ = {isa = PBXFileReference; fileEncoding = 4; lastKnownFileType = sourcecode.c.objc; path = SkillsView.m; sourceTree = "<group>"; };
		420A4CE51821D72200080821 /* SkillsEditController.h */ = {isa = PBXFileReference; fileEncoding = 4; lastKnownFileType = sourcecode.c.h; path = SkillsEditController.h; sourceTree = "<group>"; };
		420A4CE61821D72200080821 /* SkillsEditController.m */ = {isa = PBXFileReference; fileEncoding = 4; lastKnownFileType = sourcecode.c.objc; path = SkillsEditController.m; sourceTree = "<group>"; };
		4239F88C181719B700D249DF /* BelbinTableViewViewController.h */ = {isa = PBXFileReference; fileEncoding = 4; lastKnownFileType = sourcecode.c.h; name = BelbinTableViewViewController.h; path = ../BelbinTableViewViewController.h; sourceTree = "<group>"; };
		4239F88D181719B700D249DF /* BelbinTableViewViewController.m */ = {isa = PBXFileReference; fileEncoding = 4; lastKnownFileType = sourcecode.c.objc; name = BelbinTableViewViewController.m; path = ../BelbinTableViewViewController.m; sourceTree = "<group>"; };
		42425A211807783D0053F6EB /* QuartzCore.framework */ = {isa = PBXFileReference; lastKnownFileType = wrapper.framework; name = QuartzCore.framework; path = System/Library/Frameworks/QuartzCore.framework; sourceTree = SDKROOT; };
		429AE69A1806548B00801014 /* Nugget.app */ = {isa = PBXFileReference; explicitFileType = wrapper.application; includeInIndex = 0; path = Nugget.app; sourceTree = BUILT_PRODUCTS_DIR; };
		429AE69D1806548B00801014 /* Foundation.framework */ = {isa = PBXFileReference; lastKnownFileType = wrapper.framework; name = Foundation.framework; path = System/Library/Frameworks/Foundation.framework; sourceTree = SDKROOT; };
		429AE69F1806548B00801014 /* CoreGraphics.framework */ = {isa = PBXFileReference; lastKnownFileType = wrapper.framework; name = CoreGraphics.framework; path = System/Library/Frameworks/CoreGraphics.framework; sourceTree = SDKROOT; };
		429AE6A11806548B00801014 /* UIKit.framework */ = {isa = PBXFileReference; lastKnownFileType = wrapper.framework; name = UIKit.framework; path = System/Library/Frameworks/UIKit.framework; sourceTree = SDKROOT; };
		429AE6A51806548B00801014 /* Nugget-Info.plist */ = {isa = PBXFileReference; lastKnownFileType = text.plist.xml; path = "Nugget-Info.plist"; sourceTree = "<group>"; };
		429AE6A71806548B00801014 /* en */ = {isa = PBXFileReference; lastKnownFileType = text.plist.strings; name = en; path = en.lproj/InfoPlist.strings; sourceTree = "<group>"; };
		429AE6A91806548B00801014 /* main.m */ = {isa = PBXFileReference; lastKnownFileType = sourcecode.c.objc; path = main.m; sourceTree = "<group>"; };
		429AE6AB1806548B00801014 /* Nugget-Prefix.pch */ = {isa = PBXFileReference; lastKnownFileType = sourcecode.c.h; path = "Nugget-Prefix.pch"; sourceTree = "<group>"; };
		429AE6AC1806548B00801014 /* AppDelegate.h */ = {isa = PBXFileReference; lastKnownFileType = sourcecode.c.h; path = AppDelegate.h; sourceTree = "<group>"; };
		429AE6AD1806548B00801014 /* AppDelegate.m */ = {isa = PBXFileReference; lastKnownFileType = sourcecode.c.objc; path = AppDelegate.m; sourceTree = "<group>"; };
		429AE6AF1806548B00801014 /* Images.xcassets */ = {isa = PBXFileReference; lastKnownFileType = folder.assetcatalog; path = Images.xcassets; sourceTree = "<group>"; };
		429AE6B51806548B00801014 /* NuggetTests.xctest */ = {isa = PBXFileReference; explicitFileType = wrapper.cfbundle; includeInIndex = 0; path = NuggetTests.xctest; sourceTree = BUILT_PRODUCTS_DIR; };
		429AE6B61806548B00801014 /* XCTest.framework */ = {isa = PBXFileReference; lastKnownFileType = wrapper.framework; name = XCTest.framework; path = Library/Frameworks/XCTest.framework; sourceTree = DEVELOPER_DIR; };
		429AE6BE1806548B00801014 /* NuggetTests-Info.plist */ = {isa = PBXFileReference; lastKnownFileType = text.plist.xml; path = "NuggetTests-Info.plist"; sourceTree = "<group>"; };
		429AE6C01806548B00801014 /* en */ = {isa = PBXFileReference; lastKnownFileType = text.plist.strings; name = en; path = en.lproj/InfoPlist.strings; sourceTree = "<group>"; };
		429AE6C21806548B00801014 /* NuggetTests.m */ = {isa = PBXFileReference; lastKnownFileType = sourcecode.c.objc; path = NuggetTests.m; sourceTree = "<group>"; };
		429AE77E1807433400801014 /* NuggetStoryBoard.storyboard */ = {isa = PBXFileReference; fileEncoding = 4; lastKnownFileType = file.storyboard; path = NuggetStoryBoard.storyboard; sourceTree = SOURCE_ROOT; };
		429AE78018075E6600801014 /* PickerVIew.h */ = {isa = PBXFileReference; fileEncoding = 4; lastKnownFileType = sourcecode.c.h; name = PickerVIew.h; path = ../../../../Downloads/PickerView/PickerView/PickerVIew.h; sourceTree = "<group>"; };
		429AE78118075E6600801014 /* PickerVIew.m */ = {isa = PBXFileReference; fileEncoding = 4; lastKnownFileType = sourcecode.c.objc; name = PickerVIew.m; path = ../../../../Downloads/PickerView/PickerView/PickerVIew.m; sourceTree = "<group>"; };
		429AE78218075E6600801014 /* ViewController.h */ = {isa = PBXFileReference; fileEncoding = 4; lastKnownFileType = sourcecode.c.h; name = ViewController.h; path = ../../../../Downloads/PickerView/PickerView/ViewController.h; sourceTree = "<group>"; };
		429AE78318075E6600801014 /* ViewController.m */ = {isa = PBXFileReference; fileEncoding = 4; lastKnownFileType = sourcecode.c.objc; name = ViewController.m; path = ../../../../Downloads/PickerView/PickerView/ViewController.m; sourceTree = "<group>"; };
/* End PBXFileReference section */

/* Begin PBXFrameworksBuildPhase section */
		429AE6971806548B00801014 /* Frameworks */ = {
			isa = PBXFrameworksBuildPhase;
			buildActionMask = 2147483647;
			files = (
				42425A221807783D0053F6EB /* QuartzCore.framework in Frameworks */,
				429AE6A01806548B00801014 /* CoreGraphics.framework in Frameworks */,
				429AE6A21806548B00801014 /* UIKit.framework in Frameworks */,
				429AE69E1806548B00801014 /* Foundation.framework in Frameworks */,
			);
			runOnlyForDeploymentPostprocessing = 0;
		};
		429AE6B21806548B00801014 /* Frameworks */ = {
			isa = PBXFrameworksBuildPhase;
			buildActionMask = 2147483647;
			files = (
				429AE6B71806548B00801014 /* XCTest.framework in Frameworks */,
				429AE6B91806548B00801014 /* UIKit.framework in Frameworks */,
				429AE6B81806548B00801014 /* Foundation.framework in Frameworks */,
			);
			runOnlyForDeploymentPostprocessing = 0;
		};
/* End PBXFrameworksBuildPhase section */

/* Begin PBXGroup section */
		429AE6911806548B00801014 = {
			isa = PBXGroup;
			children = (
				429AE6A31806548B00801014 /* NuggetUI */,
				429AE6BC1806548B00801014 /* NuggetTests */,
				429AE69C1806548B00801014 /* Frameworks */,
				429AE69B1806548B00801014 /* Products */,
			);
			sourceTree = "<group>";
		};
		429AE69B1806548B00801014 /* Products */ = {
			isa = PBXGroup;
			children = (
				429AE69A1806548B00801014 /* Nugget.app */,
				429AE6B51806548B00801014 /* NuggetTests.xctest */,
			);
			name = Products;
			sourceTree = "<group>";
		};
		429AE69C1806548B00801014 /* Frameworks */ = {
			isa = PBXGroup;
			children = (
				42425A211807783D0053F6EB /* QuartzCore.framework */,
				429AE69D1806548B00801014 /* Foundation.framework */,
				429AE69F1806548B00801014 /* CoreGraphics.framework */,
				429AE6A11806548B00801014 /* UIKit.framework */,
				429AE6B61806548B00801014 /* XCTest.framework */,
			);
			name = Frameworks;
			sourceTree = "<group>";
		};
		429AE6A31806548B00801014 /* NuggetUI */ = {
			isa = PBXGroup;
			children = (
				429AE77E1807433400801014 /* NuggetStoryBoard.storyboard */,
				420A4CD6182183BF00080821 /* Potato.jpg */,
				420A4CD018217A2A00080821 /* ContactCell.h */,
				420A4CD118217A2A00080821 /* ContactCell.m */,
				420A4CE51821D72200080821 /* SkillsEditController.h */,
				420A4CE61821D72200080821 /* SkillsEditController.m */,
				4239F88C181719B700D249DF /* BelbinTableViewViewController.h */,
				4239F88D181719B700D249DF /* BelbinTableViewViewController.m */,
				420A4CD31821811000080821 /* CustomTableViewViewController.h */,
				420A4CD41821811000080821 /* CustomTableViewViewController.m */,
				420A4CDE1821B38C00080821 /* SkillCell.h */,
				420A4CDF1821B38C00080821 /* SkillCell.m */,
				420A4CE01821B38C00080821 /* SkillsView.h */,
				420A4CE11821B38C00080821 /* SkillsView.m */,
				429AE78018075E6600801014 /* PickerVIew.h */,
				429AE78118075E6600801014 /* PickerVIew.m */,
				429AE78218075E6600801014 /* ViewController.h */,
				429AE78318075E6600801014 /* ViewController.m */,
				429AE6AC1806548B00801014 /* AppDelegate.h */,
				429AE6AD1806548B00801014 /* AppDelegate.m */,
				429AE6AF1806548B00801014 /* Images.xcassets */,
				429AE6A41806548B00801014 /* Supporting Files */,
			);
			name = NuggetUI;
			path = Nugget;
			sourceTree = "<group>";
		};
		429AE6A41806548B00801014 /* Supporting Files */ = {
			isa = PBXGroup;
			children = (
				429AE6A51806548B00801014 /* Nugget-Info.plist */,
				429AE6A61806548B00801014 /* InfoPlist.strings */,
				429AE6A91806548B00801014 /* main.m */,
				429AE6AB1806548B00801014 /* Nugget-Prefix.pch */,
			);
			name = "Supporting Files";
			sourceTree = "<group>";
		};
		429AE6BC1806548B00801014 /* NuggetTests */ = {
			isa = PBXGroup;
			children = (
				429AE6C21806548B00801014 /* NuggetTests.m */,
				429AE6BD1806548B00801014 /* Supporting Files */,
			);
			path = NuggetTests;
			sourceTree = "<group>";
		};
		429AE6BD1806548B00801014 /* Supporting Files */ = {
			isa = PBXGroup;
			children = (
				429AE6BE1806548B00801014 /* NuggetTests-Info.plist */,
				429AE6BF1806548B00801014 /* InfoPlist.strings */,
			);
			name = "Supporting Files";
			sourceTree = "<group>";
		};
/* End PBXGroup section */

/* Begin PBXNativeTarget section */
		429AE6991806548B00801014 /* Nugget */ = {
			isa = PBXNativeTarget;
			buildConfigurationList = 429AE6C61806548B00801014 /* Build configuration list for PBXNativeTarget "Nugget" */;
			buildPhases = (
				429AE6961806548B00801014 /* Sources */,
				429AE6971806548B00801014 /* Frameworks */,
				429AE6981806548B00801014 /* Resources */,
			);
			buildRules = (
			);
			dependencies = (
			);
			name = Nugget;
			productName = Nugget;
			productReference = 429AE69A1806548B00801014 /* Nugget.app */;
			productType = "com.apple.product-type.application";
		};
		429AE6B41806548B00801014 /* NuggetTests */ = {
			isa = PBXNativeTarget;
			buildConfigurationList = 429AE6C91806548B00801014 /* Build configuration list for PBXNativeTarget "NuggetTests" */;
			buildPhases = (
				429AE6B11806548B00801014 /* Sources */,
				429AE6B21806548B00801014 /* Frameworks */,
				429AE6B31806548B00801014 /* Resources */,
			);
			buildRules = (
			);
			dependencies = (
				429AE6BB1806548B00801014 /* PBXTargetDependency */,
			);
			name = NuggetTests;
			productName = NuggetTests;
			productReference = 429AE6B51806548B00801014 /* NuggetTests.xctest */;
			productType = "com.apple.product-type.bundle.unit-test";
		};
/* End PBXNativeTarget section */

/* Begin PBXProject section */
		429AE6921806548B00801014 /* Project object */ = {
			isa = PBXProject;
			attributes = {
				LastUpgradeCheck = 0500;
				ORGANIZATIONNAME = "Alexis Katigbak";
				TargetAttributes = {
					429AE6B41806548B00801014 = {
						TestTargetID = 429AE6991806548B00801014;
					};
				};
			};
			buildConfigurationList = 429AE6951806548B00801014 /* Build configuration list for PBXProject "Nugget" */;
			compatibilityVersion = "Xcode 3.2";
			developmentRegion = English;
			hasScannedForEncodings = 0;
			knownRegions = (
				en,
			);
			mainGroup = 429AE6911806548B00801014;
			productRefGroup = 429AE69B1806548B00801014 /* Products */;
			projectDirPath = "";
			projectRoot = "";
			targets = (
				429AE6991806548B00801014 /* Nugget */,
				429AE6B41806548B00801014 /* NuggetTests */,
			);
		};
/* End PBXProject section */

/* Begin PBXResourcesBuildPhase section */
		429AE6981806548B00801014 /* Resources */ = {
			isa = PBXResourcesBuildPhase;
			buildActionMask = 2147483647;
			files = (
				420A4CD7182183BF00080821 /* Potato.jpg in Resources */,
				429AE6A81806548B00801014 /* InfoPlist.strings in Resources */,
				429AE6B01806548B00801014 /* Images.xcassets in Resources */,
				429AE77F1807433400801014 /* NuggetStoryBoard.storyboard in Resources */,
			);
			runOnlyForDeploymentPostprocessing = 0;
		};
		429AE6B31806548B00801014 /* Resources */ = {
			isa = PBXResourcesBuildPhase;
			buildActionMask = 2147483647;
			files = (
				429AE6C11806548B00801014 /* InfoPlist.strings in Resources */,
			);
			runOnlyForDeploymentPostprocessing = 0;
		};
/* End PBXResourcesBuildPhase section */

/* Begin PBXSourcesBuildPhase section */
		429AE6961806548B00801014 /* Sources */ = {
			isa = PBXSourcesBuildPhase;
			buildActionMask = 2147483647;
			files = (
				420A4CD218217A2A00080821 /* ContactCell.m in Sources */,
				4239F88E181719B700D249DF /* BelbinTableViewViewController.m in Sources */,
				429AE6AE1806548B00801014 /* AppDelegate.m in Sources */,
				429AE78418075E6600801014 /* PickerVIew.m in Sources */,
				420A4CE31821B38C00080821 /* SkillsView.m in Sources */,
				420A4CE71821D72200080821 /* SkillsEditController.m in Sources */,
				420A4CD51821811000080821 /* CustomTableViewViewController.m in Sources */,
				420A4CE21821B38C00080821 /* SkillCell.m in Sources */,
				429AE78518075E6600801014 /* ViewController.m in Sources */,
				429AE6AA1806548B00801014 /* main.m in Sources */,
			);
			runOnlyForDeploymentPostprocessing = 0;
		};
		429AE6B11806548B00801014 /* Sources */ = {
			isa = PBXSourcesBuildPhase;
			buildActionMask = 2147483647;
			files = (
				429AE6C31806548B00801014 /* NuggetTests.m in Sources */,
			);
			runOnlyForDeploymentPostprocessing = 0;
		};
/* End PBXSourcesBuildPhase section */

/* Begin PBXTargetDependency section */
		429AE6BB1806548B00801014 /* PBXTargetDependency */ = {
			isa = PBXTargetDependency;
			target = 429AE6991806548B00801014 /* Nugget */;
			targetProxy = 429AE6BA1806548B00801014 /* PBXContainerItemProxy */;
		};
/* End PBXTargetDependency section */

/* Begin PBXVariantGroup section */
		429AE6A61806548B00801014 /* InfoPlist.strings */ = {
			isa = PBXVariantGroup;
			children = (
				429AE6A71806548B00801014 /* en */,
			);
			name = InfoPlist.strings;
			sourceTree = "<group>";
		};
		429AE6BF1806548B00801014 /* InfoPlist.strings */ = {
			isa = PBXVariantGroup;
			children = (
				429AE6C01806548B00801014 /* en */,
			);
			name = InfoPlist.strings;
			sourceTree = "<group>";
		};
/* End PBXVariantGroup section */

/* Begin XCBuildConfiguration section */
		429AE6C41806548B00801014 /* Debug */ = {
			isa = XCBuildConfiguration;
			buildSettings = {
				ALWAYS_SEARCH_USER_PATHS = NO;
				ARCHS = "$(ARCHS_STANDARD_INCLUDING_64_BIT)";
				CLANG_CXX_LANGUAGE_STANDARD = "gnu++0x";
				CLANG_CXX_LIBRARY = "libc++";
				CLANG_ENABLE_MODULES = YES;
				CLANG_ENABLE_OBJC_ARC = YES;
				CLANG_WARN_BOOL_CONVERSION = YES;
				CLANG_WARN_CONSTANT_CONVERSION = YES;
				CLANG_WARN_DIRECT_OBJC_ISA_USAGE = YES_ERROR;
				CLANG_WARN_EMPTY_BODY = YES;
				CLANG_WARN_ENUM_CONVERSION = YES;
				CLANG_WARN_INT_CONVERSION = YES;
				CLANG_WARN_OBJC_ROOT_CLASS = YES_ERROR;
				CLANG_WARN__DUPLICATE_METHOD_MATCH = YES;
				"CODE_SIGN_IDENTITY[sdk=iphoneos*]" = "iPhone Developer";
				COPY_PHASE_STRIP = NO;
				GCC_C_LANGUAGE_STANDARD = gnu99;
				GCC_DYNAMIC_NO_PIC = NO;
				GCC_OPTIMIZATION_LEVEL = 0;
				GCC_PREPROCESSOR_DEFINITIONS = (
					"DEBUG=1",
					"$(inherited)",
				);
				GCC_SYMBOLS_PRIVATE_EXTERN = NO;
				GCC_WARN_64_TO_32_BIT_CONVERSION = YES;
				GCC_WARN_ABOUT_RETURN_TYPE = YES_ERROR;
				GCC_WARN_UNDECLARED_SELECTOR = YES;
				GCC_WARN_UNINITIALIZED_AUTOS = YES;
				GCC_WARN_UNUSED_FUNCTION = YES;
				GCC_WARN_UNUSED_VARIABLE = YES;
				IPHONEOS_DEPLOYMENT_TARGET = 7.0;
				ONLY_ACTIVE_ARCH = YES;
				SDKROOT = iphoneos;
				TARGETED_DEVICE_FAMILY = "1,2";
			};
			name = Debug;
		};
		429AE6C51806548B00801014 /* Release */ = {
			isa = XCBuildConfiguration;
			buildSettings = {
				ALWAYS_SEARCH_USER_PATHS = NO;
				ARCHS = "$(ARCHS_STANDARD_INCLUDING_64_BIT)";
				CLANG_CXX_LANGUAGE_STANDARD = "gnu++0x";
				CLANG_CXX_LIBRARY = "libc++";
				CLANG_ENABLE_MODULES = YES;
				CLANG_ENABLE_OBJC_ARC = YES;
				CLANG_WARN_BOOL_CONVERSION = YES;
				CLANG_WARN_CONSTANT_CONVERSION = YES;
				CLANG_WARN_DIRECT_OBJC_ISA_USAGE = YES_ERROR;
				CLANG_WARN_EMPTY_BODY = YES;
				CLANG_WARN_ENUM_CONVERSION = YES;
				CLANG_WARN_INT_CONVERSION = YES;
				CLANG_WARN_OBJC_ROOT_CLASS = YES_ERROR;
				CLANG_WARN__DUPLICATE_METHOD_MATCH = YES;
				"CODE_SIGN_IDENTITY[sdk=iphoneos*]" = "iPhone Developer";
				COPY_PHASE_STRIP = YES;
				ENABLE_NS_ASSERTIONS = NO;
				GCC_C_LANGUAGE_STANDARD = gnu99;
				GCC_WARN_64_TO_32_BIT_CONVERSION = YES;
				GCC_WARN_ABOUT_RETURN_TYPE = YES_ERROR;
				GCC_WARN_UNDECLARED_SELECTOR = YES;
				GCC_WARN_UNINITIALIZED_AUTOS = YES;
				GCC_WARN_UNUSED_FUNCTION = YES;
				GCC_WARN_UNUSED_VARIABLE = YES;
				IPHONEOS_DEPLOYMENT_TARGET = 7.0;
				SDKROOT = iphoneos;
				TARGETED_DEVICE_FAMILY = "1,2";
				VALIDATE_PRODUCT = YES;
			};
			name = Release;
		};
		429AE6C71806548B00801014 /* Debug */ = {
			isa = XCBuildConfiguration;
			buildSettings = {
				ASSETCATALOG_COMPILER_APPICON_NAME = AppIcon;
				ASSETCATALOG_COMPILER_LAUNCHIMAGE_NAME = LaunchImage;
				GCC_PRECOMPILE_PREFIX_HEADER = YES;
				GCC_PREFIX_HEADER = "Nugget/Nugget-Prefix.pch";
				INFOPLIST_FILE = "Nugget/Nugget-Info.plist";
				PRODUCT_NAME = "$(TARGET_NAME)";
				WRAPPER_EXTENSION = app;
			};
			name = Debug;
		};
		429AE6C81806548B00801014 /* Release */ = {
			isa = XCBuildConfiguration;
			buildSettings = {
				ASSETCATALOG_COMPILER_APPICON_NAME = AppIcon;
				ASSETCATALOG_COMPILER_LAUNCHIMAGE_NAME = LaunchImage;
				GCC_PRECOMPILE_PREFIX_HEADER = YES;
				GCC_PREFIX_HEADER = "Nugget/Nugget-Prefix.pch";
				INFOPLIST_FILE = "Nugget/Nugget-Info.plist";
				PRODUCT_NAME = "$(TARGET_NAME)";
				WRAPPER_EXTENSION = app;
			};
			name = Release;
		};
		429AE6CA1806548B00801014 /* Debug */ = {
			isa = XCBuildConfiguration;
			buildSettings = {
				ARCHS = "$(ARCHS_STANDARD_INCLUDING_64_BIT)";
				BUNDLE_LOADER = "$(BUILT_PRODUCTS_DIR)/Nugget.app/Nugget";
				FRAMEWORK_SEARCH_PATHS = (
					"$(SDKROOT)/Developer/Library/Frameworks",
					"$(inherited)",
					"$(DEVELOPER_FRAMEWORKS_DIR)",
				);
				GCC_PRECOMPILE_PREFIX_HEADER = YES;
				GCC_PREFIX_HEADER = "Nugget/Nugget-Prefix.pch";
				GCC_PREPROCESSOR_DEFINITIONS = (
					"DEBUG=1",
					"$(inherited)",
				);
				INFOPLIST_FILE = "NuggetTests/NuggetTests-Info.plist";
				PRODUCT_NAME = "$(TARGET_NAME)";
				TEST_HOST = "$(BUNDLE_LOADER)";
				WRAPPER_EXTENSION = xctest;
			};
			name = Debug;
		};
		429AE6CB1806548B00801014 /* Release */ = {
			isa = XCBuildConfiguration;
			buildSettings = {
				ARCHS = "$(ARCHS_STANDARD_INCLUDING_64_BIT)";
				BUNDLE_LOADER = "$(BUILT_PRODUCTS_DIR)/Nugget.app/Nugget";
				FRAMEWORK_SEARCH_PATHS = (
					"$(SDKROOT)/Developer/Library/Frameworks",
					"$(inherited)",
					"$(DEVELOPER_FRAMEWORKS_DIR)",
				);
				GCC_PRECOMPILE_PREFIX_HEADER = YES;
				GCC_PREFIX_HEADER = "Nugget/Nugget-Prefix.pch";
				INFOPLIST_FILE = "NuggetTests/NuggetTests-Info.plist";
				PRODUCT_NAME = "$(TARGET_NAME)";
				TEST_HOST = "$(BUNDLE_LOADER)";
				WRAPPER_EXTENSION = xctest;
			};
			name = Release;
		};
/* End XCBuildConfiguration section */

/* Begin XCConfigurationList section */
		429AE6951806548B00801014 /* Build configuration list for PBXProject "Nugget" */ = {
			isa = XCConfigurationList;
			buildConfigurations = (
				429AE6C41806548B00801014 /* Debug */,
				429AE6C51806548B00801014 /* Release */,
			);
			defaultConfigurationIsVisible = 0;
			defaultConfigurationName = Release;
		};
		429AE6C61806548B00801014 /* Build configuration list for PBXNativeTarget "Nugget" */ = {
			isa = XCConfigurationList;
			buildConfigurations = (
				429AE6C71806548B00801014 /* Debug */,
				429AE6C81806548B00801014 /* Release */,
			);
			defaultConfigurationIsVisible = 0;
			defaultConfigurationName = Release;
		};
		429AE6C91806548B00801014 /* Build configuration list for PBXNativeTarget "NuggetTests" */ = {
			isa = XCConfigurationList;
			buildConfigurations = (
				429AE6CA1806548B00801014 /* Debug */,
				429AE6CB1806548B00801014 /* Release */,
			);
			defaultConfigurationIsVisible = 0;
			defaultConfigurationName = Release;
		};
/* End XCConfigurationList section */
	};
	rootObject = 429AE6921806548B00801014 /* Project object */;
}
